// !$*UTF8*$!
{
	archiveVersion = 1;
	classes = {
	};
	objectVersion = 50;
	objects = {

/* Begin PBXBuildFile section */
		2202348423495F33000948F9 /* AppDelegate.m in Sources */ = {isa = PBXBuildFile; fileRef = 2202348323495F33000948F9 /* AppDelegate.m */; };
		2202348723495F33000948F9 /* ViewController.m in Sources */ = {isa = PBXBuildFile; fileRef = 2202348623495F33000948F9 /* ViewController.m */; };
		2202348A23495F33000948F9 /* Main.storyboard in Resources */ = {isa = PBXBuildFile; fileRef = 2202348823495F33000948F9 /* Main.storyboard */; };
		2202348C23495F35000948F9 /* Assets.xcassets in Resources */ = {isa = PBXBuildFile; fileRef = 2202348B23495F35000948F9 /* Assets.xcassets */; };
		2202348F23495F35000948F9 /* LaunchScreen.storyboard in Resources */ = {isa = PBXBuildFile; fileRef = 2202348D23495F35000948F9 /* LaunchScreen.storyboard */; };
		2202349223495F35000948F9 /* main.m in Sources */ = {isa = PBXBuildFile; fileRef = 2202349123495F35000948F9 /* main.m */; };
		2202349C23495F35000948F9 /* VideoTutorialsWithServerAppTests.m in Sources */ = {isa = PBXBuildFile; fileRef = 2202349B23495F35000948F9 /* VideoTutorialsWithServerAppTests.m */; };
		220234A723495F35000948F9 /* VideoTutorialsWithServerAppUITests.m in Sources */ = {isa = PBXBuildFile; fileRef = 220234A623495F35000948F9 /* VideoTutorialsWithServerAppUITests.m */; };
		220234B6234A8175000948F9 /* HTTPService.m in Sources */ = {isa = PBXBuildFile; fileRef = 220234B5234A8175000948F9 /* HTTPService.m */; };
		220234BD234AB980000948F9 /* VideoCell.m in Sources */ = {isa = PBXBuildFile; fileRef = 220234BC234AB980000948F9 /* VideoCell.m */; };
		220234C4234AC269000948F9 /* Video.m in Sources */ = {isa = PBXBuildFile; fileRef = 220234C3234AC269000948F9 /* Video.m */; };
		220234C9234AE8A9000948F9 /* VideoVC.m in Sources */ = {isa = PBXBuildFile; fileRef = 220234C8234AE8A9000948F9 /* VideoVC.m */; };
		220234CC234AFE87000948F9 /* WebKit.framework in Frameworks */ = {isa = PBXBuildFile; fileRef = 220234CB234AFE87000948F9 /* WebKit.framework */; };
		220234CF234B2CBB000948F9 /* Comment.m in Sources */ = {isa = PBXBuildFile; fileRef = 220234CE234B2CBB000948F9 /* Comment.m */; };
		220234D6234B2F30000948F9 /* CommentCell.m in Sources */ = {isa = PBXBuildFile; fileRef = 220234D5234B2F30000948F9 /* CommentCell.m */; };
		22253E07234F5CC9007979B8 /* MyOwnTableView.m in Sources */ = {isa = PBXBuildFile; fileRef = 22253E06234F5CC9007979B8 /* MyOwnTableView.m */; };
/* End PBXBuildFile section */

/* Begin PBXContainerItemProxy section */
		2202349823495F35000948F9 /* PBXContainerItemProxy */ = {
			isa = PBXContainerItemProxy;
			containerPortal = 2202347723495F33000948F9 /* Project object */;
			proxyType = 1;
			remoteGlobalIDString = 2202347E23495F33000948F9;
			remoteInfo = VideoTutorialsWithServerApp;
		};
		220234A323495F35000948F9 /* PBXContainerItemProxy */ = {
			isa = PBXContainerItemProxy;
			containerPortal = 2202347723495F33000948F9 /* Project object */;
			proxyType = 1;
			remoteGlobalIDString = 2202347E23495F33000948F9;
			remoteInfo = VideoTutorialsWithServerApp;
		};
/* End PBXContainerItemProxy section */

/* Begin PBXFileReference section */
		2202347F23495F33000948F9 /* VideoTutorialsWithServerApp.app */ = {isa = PBXFileReference; explicitFileType = wrapper.application; includeInIndex = 0; path = VideoTutorialsWithServerApp.app; sourceTree = BUILT_PRODUCTS_DIR; };
		2202348223495F33000948F9 /* AppDelegate.h */ = {isa = PBXFileReference; lastKnownFileType = sourcecode.c.h; path = AppDelegate.h; sourceTree = "<group>"; };
		2202348323495F33000948F9 /* AppDelegate.m */ = {isa = PBXFileReference; lastKnownFileType = sourcecode.c.objc; path = AppDelegate.m; sourceTree = "<group>"; };
		2202348523495F33000948F9 /* ViewController.h */ = {isa = PBXFileReference; lastKnownFileType = sourcecode.c.h; path = ViewController.h; sourceTree = "<group>"; };
		2202348623495F33000948F9 /* ViewController.m */ = {isa = PBXFileReference; lastKnownFileType = sourcecode.c.objc; path = ViewController.m; sourceTree = "<group>"; };
		2202348923495F33000948F9 /* Base */ = {isa = PBXFileReference; lastKnownFileType = file.storyboard; name = Base; path = Base.lproj/Main.storyboard; sourceTree = "<group>"; };
		2202348B23495F35000948F9 /* Assets.xcassets */ = {isa = PBXFileReference; lastKnownFileType = folder.assetcatalog; path = Assets.xcassets; sourceTree = "<group>"; };
		2202348E23495F35000948F9 /* Base */ = {isa = PBXFileReference; lastKnownFileType = file.storyboard; name = Base; path = Base.lproj/LaunchScreen.storyboard; sourceTree = "<group>"; };
		2202349023495F35000948F9 /* Info.plist */ = {isa = PBXFileReference; lastKnownFileType = text.plist.xml; path = Info.plist; sourceTree = "<group>"; };
		2202349123495F35000948F9 /* main.m */ = {isa = PBXFileReference; lastKnownFileType = sourcecode.c.objc; path = main.m; sourceTree = "<group>"; };
		2202349723495F35000948F9 /* VideoTutorialsWithServerAppTests.xctest */ = {isa = PBXFileReference; explicitFileType = wrapper.cfbundle; includeInIndex = 0; path = VideoTutorialsWithServerAppTests.xctest; sourceTree = BUILT_PRODUCTS_DIR; };
		2202349B23495F35000948F9 /* VideoTutorialsWithServerAppTests.m */ = {isa = PBXFileReference; lastKnownFileType = sourcecode.c.objc; path = VideoTutorialsWithServerAppTests.m; sourceTree = "<group>"; };
		2202349D23495F35000948F9 /* Info.plist */ = {isa = PBXFileReference; lastKnownFileType = text.plist.xml; path = Info.plist; sourceTree = "<group>"; };
		220234A223495F35000948F9 /* VideoTutorialsWithServerAppUITests.xctest */ = {isa = PBXFileReference; explicitFileType = wrapper.cfbundle; includeInIndex = 0; path = VideoTutorialsWithServerAppUITests.xctest; sourceTree = BUILT_PRODUCTS_DIR; };
		220234A623495F35000948F9 /* VideoTutorialsWithServerAppUITests.m */ = {isa = PBXFileReference; lastKnownFileType = sourcecode.c.objc; path = VideoTutorialsWithServerAppUITests.m; sourceTree = "<group>"; };
		220234A823495F35000948F9 /* Info.plist */ = {isa = PBXFileReference; lastKnownFileType = text.plist.xml; path = Info.plist; sourceTree = "<group>"; };
		220234B4234A8175000948F9 /* HTTPService.h */ = {isa = PBXFileReference; lastKnownFileType = sourcecode.c.h; path = HTTPService.h; sourceTree = "<group>"; };
		220234B5234A8175000948F9 /* HTTPService.m */ = {isa = PBXFileReference; lastKnownFileType = sourcecode.c.objc; path = HTTPService.m; sourceTree = "<group>"; };
		220234BB234AB980000948F9 /* VideoCell.h */ = {isa = PBXFileReference; lastKnownFileType = sourcecode.c.h; path = VideoCell.h; sourceTree = "<group>"; };
		220234BC234AB980000948F9 /* VideoCell.m */ = {isa = PBXFileReference; lastKnownFileType = sourcecode.c.objc; path = VideoCell.m; sourceTree = "<group>"; };
		220234C2234AC268000948F9 /* Video.h */ = {isa = PBXFileReference; lastKnownFileType = sourcecode.c.h; path = Video.h; sourceTree = "<group>"; };
		220234C3234AC269000948F9 /* Video.m */ = {isa = PBXFileReference; lastKnownFileType = sourcecode.c.objc; path = Video.m; sourceTree = "<group>"; };
		220234C7234AE8A9000948F9 /* VideoVC.h */ = {isa = PBXFileReference; lastKnownFileType = sourcecode.c.h; path = VideoVC.h; sourceTree = "<group>"; };
		220234C8234AE8A9000948F9 /* VideoVC.m */ = {isa = PBXFileReference; lastKnownFileType = sourcecode.c.objc; path = VideoVC.m; sourceTree = "<group>"; };
		220234CB234AFE87000948F9 /* WebKit.framework */ = {isa = PBXFileReference; lastKnownFileType = wrapper.framework; name = WebKit.framework; path = System/Library/Frameworks/WebKit.framework; sourceTree = SDKROOT; };
		220234CD234B2CBB000948F9 /* Comment.h */ = {isa = PBXFileReference; lastKnownFileType = sourcecode.c.h; path = Comment.h; sourceTree = "<group>"; };
		220234CE234B2CBB000948F9 /* Comment.m */ = {isa = PBXFileReference; lastKnownFileType = sourcecode.c.objc; path = Comment.m; sourceTree = "<group>"; };
		220234D4234B2F30000948F9 /* CommentCell.h */ = {isa = PBXFileReference; lastKnownFileType = sourcecode.c.h; path = CommentCell.h; sourceTree = "<group>"; };
		220234D5234B2F30000948F9 /* CommentCell.m */ = {isa = PBXFileReference; lastKnownFileType = sourcecode.c.objc; path = CommentCell.m; sourceTree = "<group>"; };
		22253E05234F5CC9007979B8 /* MyOwnTableView.h */ = {isa = PBXFileReference; lastKnownFileType = sourcecode.c.h; path = MyOwnTableView.h; sourceTree = "<group>"; };
		22253E06234F5CC9007979B8 /* MyOwnTableView.m */ = {isa = PBXFileReference; lastKnownFileType = sourcecode.c.objc; path = MyOwnTableView.m; sourceTree = "<group>"; };
/* End PBXFileReference section */

/* Begin PBXFrameworksBuildPhase section */
		2202347C23495F33000948F9 /* Frameworks */ = {
			isa = PBXFrameworksBuildPhase;
			buildActionMask = 2147483647;
			files = (
				220234CC234AFE87000948F9 /* WebKit.framework in Frameworks */,
			);
			runOnlyForDeploymentPostprocessing = 0;
		};
		2202349423495F35000948F9 /* Frameworks */ = {
			isa = PBXFrameworksBuildPhase;
			buildActionMask = 2147483647;
			files = (
			);
			runOnlyForDeploymentPostprocessing = 0;
		};
		2202349F23495F35000948F9 /* Frameworks */ = {
			isa = PBXFrameworksBuildPhase;
			buildActionMask = 2147483647;
			files = (
			);
			runOnlyForDeploymentPostprocessing = 0;
		};
/* End PBXFrameworksBuildPhase section */

/* Begin PBXGroup section */
		2202347623495F33000948F9 = {
			isa = PBXGroup;
			children = (
				2202348123495F33000948F9 /* VideoTutorialsWithServerApp */,
				2202349A23495F35000948F9 /* VideoTutorialsWithServerAppTests */,
				220234A523495F35000948F9 /* VideoTutorialsWithServerAppUITests */,
				2202348023495F33000948F9 /* Products */,
				220234CA234AFE86000948F9 /* Frameworks */,
			);
			sourceTree = "<group>";
		};
		2202348023495F33000948F9 /* Products */ = {
			isa = PBXGroup;
			children = (
				2202347F23495F33000948F9 /* VideoTutorialsWithServerApp.app */,
				2202349723495F35000948F9 /* VideoTutorialsWithServerAppTests.xctest */,
				220234A223495F35000948F9 /* VideoTutorialsWithServerAppUITests.xctest */,
			);
			name = Products;
			sourceTree = "<group>";
		};
		2202348123495F33000948F9 /* VideoTutorialsWithServerApp */ = {
			isa = PBXGroup;
			children = (
				220234C6234AE87B000948F9 /* Controller */,
				220234C1234AC23E000948F9 /* Model */,
				220234B7234A8182000948F9 /* Services */,
				2202349123495F35000948F9 /* main.m */,
				220234D0234B2EAE000948F9 /* TableCells */,
				2202348223495F33000948F9 /* AppDelegate.h */,
				2202348323495F33000948F9 /* AppDelegate.m */,
				2202348823495F33000948F9 /* Main.storyboard */,
				2202348B23495F35000948F9 /* Assets.xcassets */,
				2202348D23495F35000948F9 /* LaunchScreen.storyboard */,
				2202349023495F35000948F9 /* Info.plist */,
				22253E05234F5CC9007979B8 /* MyOwnTableView.h */,
				22253E06234F5CC9007979B8 /* MyOwnTableView.m */,
			);
			path = VideoTutorialsWithServerApp;
			sourceTree = "<group>";
		};
		2202349A23495F35000948F9 /* VideoTutorialsWithServerAppTests */ = {
			isa = PBXGroup;
			children = (
				2202349B23495F35000948F9 /* VideoTutorialsWithServerAppTests.m */,
				2202349D23495F35000948F9 /* Info.plist */,
			);
			path = VideoTutorialsWithServerAppTests;
			sourceTree = "<group>";
		};
		220234A523495F35000948F9 /* VideoTutorialsWithServerAppUITests */ = {
			isa = PBXGroup;
			children = (
				220234A623495F35000948F9 /* VideoTutorialsWithServerAppUITests.m */,
				220234A823495F35000948F9 /* Info.plist */,
			);
			path = VideoTutorialsWithServerAppUITests;
			sourceTree = "<group>";
		};
		220234B7234A8182000948F9 /* Services */ = {
			isa = PBXGroup;
			children = (
				220234B4234A8175000948F9 /* HTTPService.h */,
				220234B5234A8175000948F9 /* HTTPService.m */,
			);
			name = Services;
			path = "New Group";
			sourceTree = "<group>";
		};
		220234C1234AC23E000948F9 /* Model */ = {
			isa = PBXGroup;
			children = (
				220234C2234AC268000948F9 /* Video.h */,
				220234C3234AC269000948F9 /* Video.m */,
				220234CD234B2CBB000948F9 /* Comment.h */,
				220234CE234B2CBB000948F9 /* Comment.m */,
			);
			path = Model;
			sourceTree = "<group>";
		};
		220234C6234AE87B000948F9 /* Controller */ = {
			isa = PBXGroup;
			children = (
				2202348523495F33000948F9 /* ViewController.h */,
				2202348623495F33000948F9 /* ViewController.m */,
				220234C7234AE8A9000948F9 /* VideoVC.h */,
				220234C8234AE8A9000948F9 /* VideoVC.m */,
			);
			path = Controller;
			sourceTree = "<group>";
		};
		220234CA234AFE86000948F9 /* Frameworks */ = {
			isa = PBXGroup;
			children = (
				220234CB234AFE87000948F9 /* WebKit.framework */,
			);
			name = Frameworks;
			sourceTree = "<group>";
		};
		220234D0234B2EAE000948F9 /* TableCells */ = {
			isa = PBXGroup;
			children = (
				220234BB234AB980000948F9 /* VideoCell.h */,
				220234BC234AB980000948F9 /* VideoCell.m */,
				220234D4234B2F30000948F9 /* CommentCell.h */,
				220234D5234B2F30000948F9 /* CommentCell.m */,
			);
			path = TableCells;
			sourceTree = "<group>";
		};
/* End PBXGroup section */

/* Begin PBXNativeTarget section */
		2202347E23495F33000948F9 /* VideoTutorialsWithServerApp */ = {
			isa = PBXNativeTarget;
			buildConfigurationList = 220234AB23495F35000948F9 /* Build configuration list for PBXNativeTarget "VideoTutorialsWithServerApp" */;
			buildPhases = (
				2202347B23495F33000948F9 /* Sources */,
				2202347C23495F33000948F9 /* Frameworks */,
				2202347D23495F33000948F9 /* Resources */,
			);
			buildRules = (
			);
			dependencies = (
			);
			name = VideoTutorialsWithServerApp;
			productName = VideoTutorialsWithServerApp;
			productReference = 2202347F23495F33000948F9 /* VideoTutorialsWithServerApp.app */;
			productType = "com.apple.product-type.application";
		};
		2202349623495F35000948F9 /* VideoTutorialsWithServerAppTests */ = {
			isa = PBXNativeTarget;
			buildConfigurationList = 220234AE23495F35000948F9 /* Build configuration list for PBXNativeTarget "VideoTutorialsWithServerAppTests" */;
			buildPhases = (
				2202349323495F35000948F9 /* Sources */,
				2202349423495F35000948F9 /* Frameworks */,
				2202349523495F35000948F9 /* Resources */,
			);
			buildRules = (
			);
			dependencies = (
				2202349923495F35000948F9 /* PBXTargetDependency */,
			);
			name = VideoTutorialsWithServerAppTests;
			productName = VideoTutorialsWithServerAppTests;
			productReference = 2202349723495F35000948F9 /* VideoTutorialsWithServerAppTests.xctest */;
			productType = "com.apple.product-type.bundle.unit-test";
		};
		220234A123495F35000948F9 /* VideoTutorialsWithServerAppUITests */ = {
			isa = PBXNativeTarget;
			buildConfigurationList = 220234B123495F35000948F9 /* Build configuration list for PBXNativeTarget "VideoTutorialsWithServerAppUITests" */;
			buildPhases = (
				2202349E23495F35000948F9 /* Sources */,
				2202349F23495F35000948F9 /* Frameworks */,
				220234A023495F35000948F9 /* Resources */,
			);
			buildRules = (
			);
			dependencies = (
				220234A423495F35000948F9 /* PBXTargetDependency */,
			);
			name = VideoTutorialsWithServerAppUITests;
			productName = VideoTutorialsWithServerAppUITests;
			productReference = 220234A223495F35000948F9 /* VideoTutorialsWithServerAppUITests.xctest */;
			productType = "com.apple.product-type.bundle.ui-testing";
		};
/* End PBXNativeTarget section */

/* Begin PBXProject section */
		2202347723495F33000948F9 /* Project object */ = {
			isa = PBXProject;
			attributes = {
				LastUpgradeCheck = 1010;
				ORGANIZATIONNAME = "Sam G";
				TargetAttributes = {
					2202347E23495F33000948F9 = {
						CreatedOnToolsVersion = 10.1;
					};
					2202349623495F35000948F9 = {
						CreatedOnToolsVersion = 10.1;
						TestTargetID = 2202347E23495F33000948F9;
					};
					220234A123495F35000948F9 = {
						CreatedOnToolsVersion = 10.1;
						TestTargetID = 2202347E23495F33000948F9;
					};
				};
			};
			buildConfigurationList = 2202347A23495F33000948F9 /* Build configuration list for PBXProject "VideoTutorialsWithServerApp" */;
			compatibilityVersion = "Xcode 9.3";
			developmentRegion = en;
			hasScannedForEncodings = 0;
			knownRegions = (
				en,
				Base,
			);
			mainGroup = 2202347623495F33000948F9;
			productRefGroup = 2202348023495F33000948F9 /* Products */;
			projectDirPath = "";
			projectRoot = "";
			targets = (
				2202347E23495F33000948F9 /* VideoTutorialsWithServerApp */,
				2202349623495F35000948F9 /* VideoTutorialsWithServerAppTests */,
				220234A123495F35000948F9 /* VideoTutorialsWithServerAppUITests */,
			);
		};
/* End PBXProject section */

/* Begin PBXResourcesBuildPhase section */
		2202347D23495F33000948F9 /* Resources */ = {
			isa = PBXResourcesBuildPhase;
			buildActionMask = 2147483647;
			files = (
				2202348F23495F35000948F9 /* LaunchScreen.storyboard in Resources */,
				2202348C23495F35000948F9 /* Assets.xcassets in Resources */,
				2202348A23495F33000948F9 /* Main.storyboard in Resources */,
			);
			runOnlyForDeploymentPostprocessing = 0;
		};
		2202349523495F35000948F9 /* Resources */ = {
			isa = PBXResourcesBuildPhase;
			buildActionMask = 2147483647;
			files = (
			);
			runOnlyForDeploymentPostprocessing = 0;
		};
		220234A023495F35000948F9 /* Resources */ = {
			isa = PBXResourcesBuildPhase;
			buildActionMask = 2147483647;
			files = (
			);
			runOnlyForDeploymentPostprocessing = 0;
		};
/* End PBXResourcesBuildPhase section */

/* Begin PBXSourcesBuildPhase section */
		2202347B23495F33000948F9 /* Sources */ = {
			isa = PBXSourcesBuildPhase;
			buildActionMask = 2147483647;
			files = (
				2202348723495F33000948F9 /* ViewController.m in Sources */,
				220234D6234B2F30000948F9 /* CommentCell.m in Sources */,
				220234BD234AB980000948F9 /* VideoCell.m in Sources */,
				220234B6234A8175000948F9 /* HTTPService.m in Sources */,
				220234C4234AC269000948F9 /* Video.m in Sources */,
				220234C9234AE8A9000948F9 /* VideoVC.m in Sources */,
				2202349223495F35000948F9 /* main.m in Sources */,
				2202348423495F33000948F9 /* AppDelegate.m in Sources */,
				22253E07234F5CC9007979B8 /* MyOwnTableView.m in Sources */,
				220234CF234B2CBB000948F9 /* Comment.m in Sources */,
			);
			runOnlyForDeploymentPostprocessing = 0;
		};
		2202349323495F35000948F9 /* Sources */ = {
			isa = PBXSourcesBuildPhase;
			buildActionMask = 2147483647;
			files = (
				2202349C23495F35000948F9 /* VideoTutorialsWithServerAppTests.m in Sources */,
			);
			runOnlyForDeploymentPostprocessing = 0;
		};
		2202349E23495F35000948F9 /* Sources */ = {
			isa = PBXSourcesBuildPhase;
			buildActionMask = 2147483647;
			files = (
				220234A723495F35000948F9 /* VideoTutorialsWithServerAppUITests.m in Sources */,
			);
			runOnlyForDeploymentPostprocessing = 0;
		};
/* End PBXSourcesBuildPhase section */

/* Begin PBXTargetDependency section */
		2202349923495F35000948F9 /* PBXTargetDependency */ = {
			isa = PBXTargetDependency;
			target = 2202347E23495F33000948F9 /* VideoTutorialsWithServerApp */;
			targetProxy = 2202349823495F35000948F9 /* PBXContainerItemProxy */;
		};
		220234A423495F35000948F9 /* PBXTargetDependency */ = {
			isa = PBXTargetDependency;
			target = 2202347E23495F33000948F9 /* VideoTutorialsWithServerApp */;
			targetProxy = 220234A323495F35000948F9 /* PBXContainerItemProxy */;
		};
/* End PBXTargetDependency section */

/* Begin PBXVariantGroup section */
		2202348823495F33000948F9 /* Main.storyboard */ = {
			isa = PBXVariantGroup;
			children = (
				2202348923495F33000948F9 /* Base */,
			);
			name = Main.storyboard;
			sourceTree = "<group>";
		};
		2202348D23495F35000948F9 /* LaunchScreen.storyboard */ = {
			isa = PBXVariantGroup;
			children = (
				2202348E23495F35000948F9 /* Base */,
			);
			name = LaunchScreen.storyboard;
			sourceTree = "<group>";
		};
/* End PBXVariantGroup section */

/* Begin XCBuildConfiguration section */
		220234A923495F35000948F9 /* Debug */ = {
			isa = XCBuildConfiguration;
			buildSettings = {
				ALWAYS_SEARCH_USER_PATHS = NO;
				CLANG_ANALYZER_NONNULL = YES;
				CLANG_ANALYZER_NUMBER_OBJECT_CONVERSION = YES_AGGRESSIVE;
				CLANG_CXX_LANGUAGE_STANDARD = "gnu++14";
				CLANG_CXX_LIBRARY = "libc++";
				CLANG_ENABLE_MODULES = YES;
				CLANG_ENABLE_OBJC_ARC = YES;
				CLANG_ENABLE_OBJC_WEAK = YES;
				CLANG_WARN_BLOCK_CAPTURE_AUTORELEASING = YES;
				CLANG_WARN_BOOL_CONVERSION = YES;
				CLANG_WARN_COMMA = YES;
				CLANG_WARN_CONSTANT_CONVERSION = YES;
				CLANG_WARN_DEPRECATED_OBJC_IMPLEMENTATIONS = YES;
				CLANG_WARN_DIRECT_OBJC_ISA_USAGE = YES_ERROR;
				CLANG_WARN_DOCUMENTATION_COMMENTS = YES;
				CLANG_WARN_EMPTY_BODY = YES;
				CLANG_WARN_ENUM_CONVERSION = YES;
				CLANG_WARN_INFINITE_RECURSION = YES;
				CLANG_WARN_INT_CONVERSION = YES;
				CLANG_WARN_NON_LITERAL_NULL_CONVERSION = YES;
				CLANG_WARN_OBJC_IMPLICIT_RETAIN_SELF = YES;
				CLANG_WARN_OBJC_LITERAL_CONVERSION = YES;
				CLANG_WARN_OBJC_ROOT_CLASS = YES_ERROR;
				CLANG_WARN_RANGE_LOOP_ANALYSIS = YES;
				CLANG_WARN_STRICT_PROTOTYPES = YES;
				CLANG_WARN_SUSPICIOUS_MOVE = YES;
				CLANG_WARN_UNGUARDED_AVAILABILITY = YES_AGGRESSIVE;
				CLANG_WARN_UNREACHABLE_CODE = YES;
				CLANG_WARN__DUPLICATE_METHOD_MATCH = YES;
				CODE_SIGN_IDENTITY = "iPhone Developer";
				COPY_PHASE_STRIP = NO;
				DEBUG_INFORMATION_FORMAT = dwarf;
				ENABLE_STRICT_OBJC_MSGSEND = YES;
				ENABLE_TESTABILITY = YES;
				GCC_C_LANGUAGE_STANDARD = gnu11;
				GCC_DYNAMIC_NO_PIC = NO;
				GCC_NO_COMMON_BLOCKS = YES;
				GCC_OPTIMIZATION_LEVEL = 0;
				GCC_PREPROCESSOR_DEFINITIONS = (
					"DEBUG=1",
					"$(inherited)",
				);
				GCC_WARN_64_TO_32_BIT_CONVERSION = YES;
				GCC_WARN_ABOUT_RETURN_TYPE = YES_ERROR;
				GCC_WARN_UNDECLARED_SELECTOR = YES;
				GCC_WARN_UNINITIALIZED_AUTOS = YES_AGGRESSIVE;
				GCC_WARN_UNUSED_FUNCTION = YES;
				GCC_WARN_UNUSED_VARIABLE = YES;
				IPHONEOS_DEPLOYMENT_TARGET = 12.1;
				MTL_ENABLE_DEBUG_INFO = INCLUDE_SOURCE;
				MTL_FAST_MATH = YES;
				ONLY_ACTIVE_ARCH = YES;
				SDKROOT = iphoneos;
			};
			name = Debug;
		};
		220234AA23495F35000948F9 /* Release */ = {
			isa = XCBuildConfiguration;
			buildSettings = {
				ALWAYS_SEARCH_USER_PATHS = NO;
				CLANG_ANALYZER_NONNULL = YES;
				CLANG_ANALYZER_NUMBER_OBJECT_CONVERSION = YES_AGGRESSIVE;
				CLANG_CXX_LANGUAGE_STANDARD = "gnu++14";
				CLANG_CXX_LIBRARY = "libc++";
				CLANG_ENABLE_MODULES = YES;
				CLANG_ENABLE_OBJC_ARC = YES;
				CLANG_ENABLE_OBJC_WEAK = YES;
				CLANG_WARN_BLOCK_CAPTURE_AUTORELEASING = YES;
				CLANG_WARN_BOOL_CONVERSION = YES;
				CLANG_WARN_COMMA = YES;
				CLANG_WARN_CONSTANT_CONVERSION = YES;
				CLANG_WARN_DEPRECATED_OBJC_IMPLEMENTATIONS = YES;
				CLANG_WARN_DIRECT_OBJC_ISA_USAGE = YES_ERROR;
				CLANG_WARN_DOCUMENTATION_COMMENTS = YES;
				CLANG_WARN_EMPTY_BODY = YES;
				CLANG_WARN_ENUM_CONVERSION = YES;
				CLANG_WARN_INFINITE_RECURSION = YES;
				CLANG_WARN_INT_CONVERSION = YES;
				CLANG_WARN_NON_LITERAL_NULL_CONVERSION = YES;
				CLANG_WARN_OBJC_IMPLICIT_RETAIN_SELF = YES;
				CLANG_WARN_OBJC_LITERAL_CONVERSION = YES;
				CLANG_WARN_OBJC_ROOT_CLASS = YES_ERROR;
				CLANG_WARN_RANGE_LOOP_ANALYSIS = YES;
				CLANG_WARN_STRICT_PROTOTYPES = YES;
				CLANG_WARN_SUSPICIOUS_MOVE = YES;
				CLANG_WARN_UNGUARDED_AVAILABILITY = YES_AGGRESSIVE;
				CLANG_WARN_UNREACHABLE_CODE = YES;
				CLANG_WARN__DUPLICATE_METHOD_MATCH = YES;
				CODE_SIGN_IDENTITY = "iPhone Developer";
				COPY_PHASE_STRIP = NO;
				DEBUG_INFORMATION_FORMAT = "dwarf-with-dsym";
				ENABLE_NS_ASSERTIONS = NO;
				ENABLE_STRICT_OBJC_MSGSEND = YES;
				GCC_C_LANGUAGE_STANDARD = gnu11;
				GCC_NO_COMMON_BLOCKS = YES;
				GCC_WARN_64_TO_32_BIT_CONVERSION = YES;
				GCC_WARN_ABOUT_RETURN_TYPE = YES_ERROR;
				GCC_WARN_UNDECLARED_SELECTOR = YES;
				GCC_WARN_UNINITIALIZED_AUTOS = YES_AGGRESSIVE;
				GCC_WARN_UNUSED_FUNCTION = YES;
				GCC_WARN_UNUSED_VARIABLE = YES;
				IPHONEOS_DEPLOYMENT_TARGET = 12.1;
				MTL_ENABLE_DEBUG_INFO = NO;
				MTL_FAST_MATH = YES;
				SDKROOT = iphoneos;
				VALIDATE_PRODUCT = YES;
			};
			name = Release;
		};
		220234AC23495F35000948F9 /* Debug */ = {
			isa = XCBuildConfiguration;
			buildSettings = {
				ASSETCATALOG_COMPILER_APPICON_NAME = AppIcon;
				CODE_SIGN_STYLE = Automatic;
				DEVELOPMENT_TEAM = X4H988BLB3;
				INFOPLIST_FILE = VideoTutorialsWithServerApp/Info.plist;
				LD_RUNPATH_SEARCH_PATHS = (
					"$(inherited)",
					"@executable_path/Frameworks",
				);
				PRODUCT_BUNDLE_IDENTIFIER = "Sam-G.VideoTutorialsWithServerApp";
				PRODUCT_NAME = "$(TARGET_NAME)";
				TARGETED_DEVICE_FAMILY = "1,2";
			};
			name = Debug;
		};
		220234AD23495F35000948F9 /* Release */ = {
			isa = XCBuildConfiguration;
			buildSettings = {
				ASSETCATALOG_COMPILER_APPICON_NAME = AppIcon;
				CODE_SIGN_STYLE = Automatic;
				DEVELOPMENT_TEAM = X4H988BLB3;
				INFOPLIST_FILE = VideoTutorialsWithServerApp/Info.plist;
				LD_RUNPATH_SEARCH_PATHS = (
					"$(inherited)",
					"@executable_path/Frameworks",
				);
				PRODUCT_BUNDLE_IDENTIFIER = "Sam-G.VideoTutorialsWithServerApp";
				PRODUCT_NAME = "$(TARGET_NAME)";
				TARGETED_DEVICE_FAMILY = "1,2";
			};
			name = Release;
		};
		220234AF23495F35000948F9 /* Debug */ = {
			isa = XCBuildConfiguration;
			buildSettings = {
				BUNDLE_LOADER = "$(TEST_HOST)";
				CODE_SIGN_STYLE = Automatic;
				DEVELOPMENT_TEAM = X4H988BLB3;
				INFOPLIST_FILE = VideoTutorialsWithServerAppTests/Info.plist;
				LD_RUNPATH_SEARCH_PATHS = (
					"$(inherited)",
					"@executable_path/Frameworks",
					"@loader_path/Frameworks",
				);
				PRODUCT_BUNDLE_IDENTIFIER = "Sam-G.VideoTutorialsWithServerAppTests";
				PRODUCT_NAME = "$(TARGET_NAME)";
				TARGETED_DEVICE_FAMILY = "1,2";
				TEST_HOST = "$(BUILT_PRODUCTS_DIR)/VideoTutorialsWithServerApp.app/VideoTutorialsWithServerApp";
			};
			name = Debug;
		};
		220234B023495F35000948F9 /* Release */ = {
			isa = XCBuildConfiguration;
			buildSettings = {
				BUNDLE_LOADER = "$(TEST_HOST)";
				CODE_SIGN_STYLE = Automatic;
				DEVELOPMENT_TEAM = X4H988BLB3;
				INFOPLIST_FILE = VideoTutorialsWithServerAppTests/Info.plist;
				LD_RUNPATH_SEARCH_PATHS = (
					"$(inherited)",
					"@executable_path/Frameworks",
					"@loader_path/Frameworks",
				);
				PRODUCT_BUNDLE_IDENTIFIER = "Sam-G.VideoTutorialsWithServerAppTests";
				PRODUCT_NAME = "$(TARGET_NAME)";
				TARGETED_DEVICE_FAMILY = "1,2";
				TEST_HOST = "$(BUILT_PRODUCTS_DIR)/VideoTutorialsWithServerApp.app/VideoTutorialsWithServerApp";
			};
			name = Release;
		};
		220234B223495F35000948F9 /* Debug */ = {
			isa = XCBuildConfiguration;
			buildSettings = {
				CODE_SIGN_STYLE = Automatic;
				DEVELOPMENT_TEAM = X4H988BLB3;
				INFOPLIST_FILE = VideoTutorialsWithServerAppUITests/Info.plist;
				LD_RUNPATH_SEARCH_PATHS = (
					"$(inherited)",
					"@executable_path/Frameworks",
					"@loader_path/Frameworks",
				);
				PRODUCT_BUNDLE_IDENTIFIER = "Sam-G.VideoTutorialsWithServerAppUITests";
				PRODUCT_NAME = "$(TARGET_NAME)";
				TARGETED_DEVICE_FAMILY = "1,2";
				TEST_TARGET_NAME = VideoTutorialsWithServerApp;
			};
			name = Debug;
		};
		220234B323495F35000948F9 /* Release */ = {
			isa = XCBuildConfiguration;
			buildSettings = {
				CODE_SIGN_STYLE = Automatic;
				DEVELOPMENT_TEAM = X4H988BLB3;
				INFOPLIST_FILE = VideoTutorialsWithServerAppUITests/Info.plist;
				LD_RUNPATH_SEARCH_PATHS = (
					"$(inherited)",
					"@executable_path/Frameworks",
					"@loader_path/Frameworks",
				);
				PRODUCT_BUNDLE_IDENTIFIER = "Sam-G.VideoTutorialsWithServerAppUITests";
				PRODUCT_NAME = "$(TARGET_NAME)";
				TARGETED_DEVICE_FAMILY = "1,2";
				TEST_TARGET_NAME = VideoTutorialsWithServerApp;
			};
			name = Release;
		};
/* End XCBuildConfiguration section */

/* Begin XCConfigurationList section */
		2202347A23495F33000948F9 /* Build configuration list for PBXProject "VideoTutorialsWithServerApp" */ = {
			isa = XCConfigurationList;
			buildConfigurations = (
				220234A923495F35000948F9 /* Debug */,
				220234AA23495F35000948F9 /* Release */,
			);
			defaultConfigurationIsVisible = 0;
			defaultConfigurationName = Release;
		};
		220234AB23495F35000948F9 /* Build configuration list for PBXNativeTarget "VideoTutorialsWithServerApp" */ = {
			isa = XCConfigurationList;
			buildConfigurations = (
				220234AC23495F35000948F9 /* Debug */,
				220234AD23495F35000948F9 /* Release */,
			);
			defaultConfigurationIsVisible = 0;
			defaultConfigurationName = Release;
		};
		220234AE23495F35000948F9 /* Build configuration list for PBXNativeTarget "VideoTutorialsWithServerAppTests" */ = {
			isa = XCConfigurationList;
			buildConfigurations = (
				220234AF23495F35000948F9 /* Debug */,
				220234B023495F35000948F9 /* Release */,
			);
			defaultConfigurationIsVisible = 0;
			defaultConfigurationName = Release;
		};
		220234B123495F35000948F9 /* Build configuration list for PBXNativeTarget "VideoTutorialsWithServerAppUITests" */ = {
			isa = XCConfigurationList;
			buildConfigurations = (
				220234B223495F35000948F9 /* Debug */,
				220234B323495F35000948F9 /* Release */,
			);
			defaultConfigurationIsVisible = 0;
			defaultConfigurationName = Release;
		};
/* End XCConfigurationList section */
	};
	rootObject = 2202347723495F33000948F9 /* Project object */;
}
